<?xml version="1.0" encoding="utf-8"?>
<Project ToolsVersion="4.0" xmlns="http://schemas.microsoft.com/developer/msbuild/2003">
  <ItemGroup>
    <Filter Include="Source Files">
      <UniqueIdentifier>{4FC737F1-C7A5-4376-A066-2A32D752A2FF}</UniqueIdentifier>
      <Extensions>cpp;c;cc;cxx;def;odl;idl;hpj;bat;asm;asmx</Extensions>
    </Filter>
    <Filter Include="Header Files">
      <UniqueIdentifier>{93995380-89BD-4b04-88EB-625FBE52EBFB}</UniqueIdentifier>
      <Extensions>h;hh;hpp;hxx;hm;inl;inc;ipp;xsd</Extensions>
    </Filter>
    <Filter Include="Resource Files">
      <UniqueIdentifier>{67DA6AB6-F800-4c08-8B7A-83BB121AAD01}</UniqueIdentifier>
      <Extensions>rc;ico;cur;bmp;dlg;rc2;rct;bin;rgs;gif;jpg;jpeg;jpe;resx;tiff;tif;png;wav;mfcribbon-ms</Extensions>
    </Filter>
    <Filter Include="Utils">
      <UniqueIdentifier>{9296e3a5-9e2f-445c-80ef-dd578f125301}</UniqueIdentifier>
    </Filter>
    <Filter Include="Graphics">
      <UniqueIdentifier>{d61ab09e-8261-4251-b6ad-baba145807db}</UniqueIdentifier>
    </Filter>
    <Filter Include="Shapes">
      <UniqueIdentifier>{cb6137d8-db53-47af-83b4-0af08e34a6a1}</UniqueIdentifier>
    </Filter>
    <Filter Include="App">
      <UniqueIdentifier>{e279f376-7f01-43d5-99ab-b87cdcf4b815}</UniqueIdentifier>
    </Filter>
    <Filter Include="Scenes">
      <UniqueIdentifier>{80c29139-0e7c-4c32-b568-48262f9d1d54}</UniqueIdentifier>
    </Filter>
    <Filter Include="Input">
      <UniqueIdentifier>{069cf242-0d3b-4786-a88d-8464008ea12c}</UniqueIdentifier>
    </Filter>
    <Filter Include="Games">
      <UniqueIdentifier>{89c6b5d8-4314-41dd-8e76-8bc933ae027d}</UniqueIdentifier>
    </Filter>
  </ItemGroup>
  <ItemGroup>
    <ClCompile Include="ArcadeApp.cpp">
      <Filter>Source Files</Filter>
    </ClCompile>
    <ClCompile Include="Utils.cpp">
      <Filter>Utils</Filter>
    </ClCompile>
    <ClCompile Include="Color.cpp">
      <Filter>Graphics</Filter>
    </ClCompile>
    <ClCompile Include="Screen.cpp">
      <Filter>Graphics</Filter>
    </ClCompile>
    <ClCompile Include="ScreenBuffer.cpp">
      <Filter>Graphics</Filter>
    </ClCompile>
    <ClCompile Include="Line2D.cpp">
      <Filter>Shapes</Filter>
    </ClCompile>
    <ClCompile Include="Vec2D.cpp">
      <Filter>Utils</Filter>
    </ClCompile>
    <ClCompile Include="Shape.cpp">
      <Filter>Shapes</Filter>
    </ClCompile>
    <ClCompile Include="Triangle.cpp">
      <Filter>Shapes</Filter>
    </ClCompile>
    <ClCompile Include="AARectangle.cpp">
      <Filter>Shapes</Filter>
    </ClCompile>
    <ClCompile Include="Circle.cpp">
      <Filter>Shapes</Filter>
    </ClCompile>
    <ClCompile Include="App.cpp">
      <Filter>App</Filter>
    </ClCompile>
    <ClCompile Include="ArcadeScene.cpp">
      <Filter>Scenes</Filter>
    </ClCompile>
    <ClCompile Include="GameController.cpp">
      <Filter>Input</Filter>
    </ClCompile>
    <ClCompile Include="InputController.cpp">
      <Filter>Input</Filter>
    </ClCompile>
    <ClCompile Include="GameScene.cpp">
      <Filter>Scenes</Filter>
    </ClCompile>
  </ItemGroup>
  <ItemGroup>
    <ClInclude Include="Utils.h">
      <Filter>Utils</Filter>
    </ClInclude>
    <ClInclude Include="Color.h">
      <Filter>Graphics</Filter>
    </ClInclude>
    <ClInclude Include="Screen.h">
      <Filter>Graphics</Filter>
    </ClInclude>
    <ClInclude Include="ScreenBuffer.h">
      <Filter>Graphics</Filter>
    </ClInclude>
    <ClInclude Include="Line2D.h">
      <Filter>Shapes</Filter>
    </ClInclude>
    <ClInclude Include="Vec2D.h">
      <Filter>Utils</Filter>
    </ClInclude>
    <ClInclude Include="Shape.h">
      <Filter>Shapes</Filter>
    </ClInclude>
    <ClInclude Include="Triangle.h">
      <Filter>Shapes</Filter>
    </ClInclude>
    <ClInclude Include="AARectangle.h">
      <Filter>Shapes</Filter>
    </ClInclude>
    <ClInclude Include="Circle.h">
      <Filter>Shapes</Filter>
    </ClInclude>
    <ClInclude Include="App.h">
      <Filter>App</Filter>
    </ClInclude>
    <ClInclude Include="Scene.h">
      <Filter>Scenes</Filter>
    </ClInclude>
    <ClInclude Include="ArcadeScene.h">
      <Filter>Scenes</Filter>
    </ClInclude>
    <ClInclude Include="InputAction.h">
      <Filter>Input</Filter>
    </ClInclude>
    <ClInclude Include="InputController.h">
      <Filter>Input</Filter>
    </ClInclude>
    <ClInclude Include="GameController.h">
      <Filter>Input</Filter>
    </ClInclude>
    <ClInclude Include="Game.h">
      <Filter>Header Files</Filter>
    </ClInclude>
    <ClInclude Include="GameScene.h">
      <Filter>Scenes</Filter>
    </ClInclude>
  </ItemGroup>
</Project>